
Microsoft Visual Studio Solution File, Format Version 12.00
# Visual Studio Version 16
VisualStudioVersion = 16.0.29609.76
MinimumVisualStudioVersion = 10.0.40219.1
Project("{FAE04EC0-301F-11D3-BF4B-00C04F79EFBC}") = "Aula02", "Aula02\Aula02.csproj", "{9F3E5844-2B29-4731-95EF-479617CEE825}"
EndProject
Global
	GlobalSection(SolutionConfigurationPlatforms) = preSolution
		Debug|Any CPU = Debug|Any CPU
		Release|Any CPU = Release|Any CPU
	EndGlobalSection
	GlobalSection(ProjectConfigurationPlatforms) = postSolution
		{9F3E5844-2B29-4731-95EF-479617CEE825}.Debug|Any CPU.ActiveCfg = Debug|Any CPU
		{9F3E5844-2B29-4731-95EF-479617CEE825}.Debug|Any CPU.Build.0 = Debug|Any CPU
		{9F3E5844-2B29-4731-95EF-479617CEE825}.Release|Any CPU.ActiveCfg = Release|Any CPU
		{9F3E5844-2B29-4731-95EF-479617CEE825}.Release|Any CPU.Build.0 = Release|Any CPU
	EndGlobalSection
	GlobalSection(SolutionProperties) = preSolution
		HideSolutionNode = FALSE
	EndGlobalSection
	GlobalSection(ExtensibilityGlobals) = postSolution
		SolutionGuid = {04A55EA6-C241-45F6-BDD0-384EDEF5305F}
	EndGlobalSection
EndGlobal
